
Microsoft Visual Studio Solution File, Format Version 12.00
# Visual Studio 15
VisualStudioVersion = 15.0.26403.7
MinimumVisualStudioVersion = 10.0.40219.1
Project("{FAE04EC0-301F-11D3-BF4B-00C04F79EFBC}") = "ElevenNote.Web", "ElevenNote.Web\ElevenNote.Web.csproj", "{CDF08B0B-76E7-4E45-BEC0-C7DB2D5C6CC1}"
EndProject
Project("{FAE04EC0-301F-11D3-BF4B-00C04F79EFBC}") = "ElevenNote.Data", "ElevenNote.Data\ElevenNote.Data.csproj", "{A660E7C8-9AC7-41FA-A805-2DCEE2E3CB3E}"
EndProject
Project("{FAE04EC0-301F-11D3-BF4B-00C04F79EFBC}") = "ElevenNote.Models", "ElevenNote.Models\ElevenNote.Models.csproj", "{457AE938-92A5-4AD4-B6E8-352A7D5AAC08}"
EndProject
Project("{FAE04EC0-301F-11D3-BF4B-00C04F79EFBC}") = "ElevenNote.Services", "ElevenNote.Services\ElevenNote.Services.csproj", "{BA890035-E09C-4605-866B-26C089F5C22C}"
EndProject
Project("{FAE04EC0-301F-11D3-BF4B-00C04F79EFBC}") = "ElevenNote.API", "ElevenNote.API\ElevenNote.API.csproj", "{FB0CDA2D-0DC0-414E-8A5A-F54305FC2630}"
EndProject
Project("{D954291E-2A0B-460D-934E-DC6B0785DB48}") = "ElevenNote.MobileApp", "ElevenNote.MobileApp\ElevenNote.MobileApp\ElevenNote.MobileApp.shproj", "{3E39CE4C-65EE-4DB6-8D2F-4F626100675E}"
EndProject
Project("{FAE04EC0-301F-11D3-BF4B-00C04F79EFBC}") = "ElevenNote.MobileApp.Android", "ElevenNote.MobileApp\ElevenNote.MobileApp.Android\ElevenNote.MobileApp.Android.csproj", "{AEB5B261-70FE-474A-BAC3-4DBA9DB036AE}"
EndProject
Project("{FAE04EC0-301F-11D3-BF4B-00C04F79EFBC}") = "ElevenNote.MobileApp.iOS", "ElevenNote.MobileApp\ElevenNote.MobileApp.iOS\ElevenNote.MobileApp.iOS.csproj", "{6576889F-E5E4-42AC-BCC3-62E9E88DA8BE}"
EndProject
Global
	GlobalSection(SharedMSBuildProjectFiles) = preSolution
		ElevenNote.MobileApp\ElevenNote.MobileApp\ElevenNote.MobileApp.projitems*{3e39ce4c-65ee-4db6-8d2f-4f626100675e}*SharedItemsImports = 13
		ElevenNote.MobileApp\ElevenNote.MobileApp\ElevenNote.MobileApp.projitems*{6576889f-e5e4-42ac-bcc3-62e9e88da8be}*SharedItemsImports = 4
		ElevenNote.MobileApp\ElevenNote.MobileApp\ElevenNote.MobileApp.projitems*{aeb5b261-70fe-474a-bac3-4dba9db036ae}*SharedItemsImports = 4
	EndGlobalSection
	GlobalSection(SolutionConfigurationPlatforms) = preSolution
		Ad-Hoc|Any CPU = Ad-Hoc|Any CPU
		Ad-Hoc|ARM = Ad-Hoc|ARM
		Ad-Hoc|iPhone = Ad-Hoc|iPhone
		Ad-Hoc|iPhoneSimulator = Ad-Hoc|iPhoneSimulator
		Ad-Hoc|x64 = Ad-Hoc|x64
		Ad-Hoc|x86 = Ad-Hoc|x86
		AppStore|Any CPU = AppStore|Any CPU
		AppStore|ARM = AppStore|ARM
		AppStore|iPhone = AppStore|iPhone
		AppStore|iPhoneSimulator = AppStore|iPhoneSimulator
		AppStore|x64 = AppStore|x64
		AppStore|x86 = AppStore|x86
		Debug|Any CPU = Debug|Any CPU
		Debug|ARM = Debug|ARM
		Debug|iPhone = Debug|iPhone
		Debug|iPhoneSimulator = Debug|iPhoneSimulator
		Debug|x64 = Debug|x64
		Debug|x86 = Debug|x86
		Release|Any CPU = Release|Any CPU
		Release|ARM = Release|ARM
		Release|iPhone = Release|iPhone
		Release|iPhoneSimulator = Release|iPhoneSimulator
		Release|x64 = Release|x64
		Release|x86 = Release|x86
	EndGlobalSection
	GlobalSection(ProjectConfigurationPlatforms) = postSolution
		{CDF08B0B-76E7-4E45-BEC0-C7DB2D5C6CC1}.Ad-Hoc|Any CPU.ActiveCfg = Release|Any CPU
		{CDF08B0B-76E7-4E45-BEC0-C7DB2D5C6CC1}.Ad-Hoc|Any CPU.Build.0 = Release|Any CPU
		{CDF08B0B-76E7-4E45-BEC0-C7DB2D5C6CC1}.Ad-Hoc|ARM.ActiveCfg = Release|Any CPU
		{CDF08B0B-76E7-4E45-BEC0-C7DB2D5C6CC1}.Ad-Hoc|ARM.Build.0 = Release|Any CPU
		{CDF08B0B-76E7-4E45-BEC0-C7DB2D5C6CC1}.Ad-Hoc|iPhone.ActiveCfg = Release|Any CPU
		{CDF08B0B-76E7-4E45-BEC0-C7DB2D5C6CC1}.Ad-Hoc|iPhone.Build.0 = Release|Any CPU
		{CDF08B0B-76E7-4E45-BEC0-C7DB2D5C6CC1}.Ad-Hoc|iPhoneSimulator.ActiveCfg = Release|Any CPU
		{CDF08B0B-76E7-4E45-BEC0-C7DB2D5C6CC1}.Ad-Hoc|iPhoneSimulator.Build.0 = Release|Any CPU
		{CDF08B0B-76E7-4E45-BEC0-C7DB2D5C6CC1}.Ad-Hoc|x64.ActiveCfg = Release|Any CPU
		{CDF08B0B-76E7-4E45-BEC0-C7DB2D5C6CC1}.Ad-Hoc|x64.Build.0 = Release|Any CPU
		{CDF08B0B-76E7-4E45-BEC0-C7DB2D5C6CC1}.Ad-Hoc|x86.ActiveCfg = Release|Any CPU
		{CDF08B0B-76E7-4E45-BEC0-C7DB2D5C6CC1}.Ad-Hoc|x86.Build.0 = Release|Any CPU
		{CDF08B0B-76E7-4E45-BEC0-C7DB2D5C6CC1}.AppStore|Any CPU.ActiveCfg = Release|Any CPU
		{CDF08B0B-76E7-4E45-BEC0-C7DB2D5C6CC1}.AppStore|Any CPU.Build.0 = Release|Any CPU
		{CDF08B0B-76E7-4E45-BEC0-C7DB2D5C6CC1}.AppStore|ARM.ActiveCfg = Release|Any CPU
		{CDF08B0B-76E7-4E45-BEC0-C7DB2D5C6CC1}.AppStore|ARM.Build.0 = Release|Any CPU
		{CDF08B0B-76E7-4E45-BEC0-C7DB2D5C6CC1}.AppStore|iPhone.ActiveCfg = Release|Any CPU
		{CDF08B0B-76E7-4E45-BEC0-C7DB2D5C6CC1}.AppStore|iPhone.Build.0 = Release|Any CPU
		{CDF08B0B-76E7-4E45-BEC0-C7DB2D5C6CC1}.AppStore|iPhoneSimulator.ActiveCfg = Release|Any CPU
		{CDF08B0B-76E7-4E45-BEC0-C7DB2D5C6CC1}.AppStore|iPhoneSimulator.Build.0 = Release|Any CPU
		{CDF08B0B-76E7-4E45-BEC0-C7DB2D5C6CC1}.AppStore|x64.ActiveCfg = Release|Any CPU
		{CDF08B0B-76E7-4E45-BEC0-C7DB2D5C6CC1}.AppStore|x64.Build.0 = Release|Any CPU
		{CDF08B0B-76E7-4E45-BEC0-C7DB2D5C6CC1}.AppStore|x86.ActiveCfg = Release|Any CPU
		{CDF08B0B-76E7-4E45-BEC0-C7DB2D5C6CC1}.AppStore|x86.Build.0 = Release|Any CPU
		{CDF08B0B-76E7-4E45-BEC0-C7DB2D5C6CC1}.Debug|Any CPU.ActiveCfg = Debug|Any CPU
		{CDF08B0B-76E7-4E45-BEC0-C7DB2D5C6CC1}.Debug|Any CPU.Build.0 = Debug|Any CPU
		{CDF08B0B-76E7-4E45-BEC0-C7DB2D5C6CC1}.Debug|ARM.ActiveCfg = Debug|Any CPU
		{CDF08B0B-76E7-4E45-BEC0-C7DB2D5C6CC1}.Debug|ARM.Build.0 = Debug|Any CPU
		{CDF08B0B-76E7-4E45-BEC0-C7DB2D5C6CC1}.Debug|iPhone.ActiveCfg = Debug|Any CPU
		{CDF08B0B-76E7-4E45-BEC0-C7DB2D5C6CC1}.Debug|iPhone.Build.0 = Debug|Any CPU
		{CDF08B0B-76E7-4E45-BEC0-C7DB2D5C6CC1}.Debug|iPhoneSimulator.ActiveCfg = Debug|Any CPU
		{CDF08B0B-76E7-4E45-BEC0-C7DB2D5C6CC1}.Debug|iPhoneSimulator.Build.0 = Debug|Any CPU
		{CDF08B0B-76E7-4E45-BEC0-C7DB2D5C6CC1}.Debug|x64.ActiveCfg = Debug|Any CPU
		{CDF08B0B-76E7-4E45-BEC0-C7DB2D5C6CC1}.Debug|x64.Build.0 = Debug|Any CPU
		{CDF08B0B-76E7-4E45-BEC0-C7DB2D5C6CC1}.Debug|x86.ActiveCfg = Debug|Any CPU
		{CDF08B0B-76E7-4E45-BEC0-C7DB2D5C6CC1}.Debug|x86.Build.0 = Debug|Any CPU
		{CDF08B0B-76E7-4E45-BEC0-C7DB2D5C6CC1}.Release|Any CPU.ActiveCfg = Release|Any CPU
		{CDF08B0B-76E7-4E45-BEC0-C7DB2D5C6CC1}.Release|Any CPU.Build.0 = Release|Any CPU
		{CDF08B0B-76E7-4E45-BEC0-C7DB2D5C6CC1}.Release|ARM.ActiveCfg = Release|Any CPU
		{CDF08B0B-76E7-4E45-BEC0-C7DB2D5C6CC1}.Release|ARM.Build.0 = Release|Any CPU
		{CDF08B0B-76E7-4E45-BEC0-C7DB2D5C6CC1}.Release|iPhone.ActiveCfg = Release|Any CPU
		{CDF08B0B-76E7-4E45-BEC0-C7DB2D5C6CC1}.Release|iPhone.Build.0 = Release|Any CPU
		{CDF08B0B-76E7-4E45-BEC0-C7DB2D5C6CC1}.Release|iPhoneSimulator.ActiveCfg = Release|Any CPU
		{CDF08B0B-76E7-4E45-BEC0-C7DB2D5C6CC1}.Release|iPhoneSimulator.Build.0 = Release|Any CPU
		{CDF08B0B-76E7-4E45-BEC0-C7DB2D5C6CC1}.Release|x64.ActiveCfg = Release|Any CPU
		{CDF08B0B-76E7-4E45-BEC0-C7DB2D5C6CC1}.Release|x64.Build.0 = Release|Any CPU
		{CDF08B0B-76E7-4E45-BEC0-C7DB2D5C6CC1}.Release|x86.ActiveCfg = Release|Any CPU
		{CDF08B0B-76E7-4E45-BEC0-C7DB2D5C6CC1}.Release|x86.Build.0 = Release|Any CPU
		{A660E7C8-9AC7-41FA-A805-2DCEE2E3CB3E}.Ad-Hoc|Any CPU.ActiveCfg = Release|Any CPU
		{A660E7C8-9AC7-41FA-A805-2DCEE2E3CB3E}.Ad-Hoc|Any CPU.Build.0 = Release|Any CPU
		{A660E7C8-9AC7-41FA-A805-2DCEE2E3CB3E}.Ad-Hoc|ARM.ActiveCfg = Release|Any CPU
		{A660E7C8-9AC7-41FA-A805-2DCEE2E3CB3E}.Ad-Hoc|ARM.Build.0 = Release|Any CPU
		{A660E7C8-9AC7-41FA-A805-2DCEE2E3CB3E}.Ad-Hoc|iPhone.ActiveCfg = Release|Any CPU
		{A660E7C8-9AC7-41FA-A805-2DCEE2E3CB3E}.Ad-Hoc|iPhone.Build.0 = Release|Any CPU
		{A660E7C8-9AC7-41FA-A805-2DCEE2E3CB3E}.Ad-Hoc|iPhoneSimulator.ActiveCfg = Release|Any CPU
		{A660E7C8-9AC7-41FA-A805-2DCEE2E3CB3E}.Ad-Hoc|iPhoneSimulator.Build.0 = Release|Any CPU
		{A660E7C8-9AC7-41FA-A805-2DCEE2E3CB3E}.Ad-Hoc|x64.ActiveCfg = Release|Any CPU
		{A660E7C8-9AC7-41FA-A805-2DCEE2E3CB3E}.Ad-Hoc|x64.Build.0 = Release|Any CPU
		{A660E7C8-9AC7-41FA-A805-2DCEE2E3CB3E}.Ad-Hoc|x86.ActiveCfg = Release|Any CPU
		{A660E7C8-9AC7-41FA-A805-2DCEE2E3CB3E}.Ad-Hoc|x86.Build.0 = Release|Any CPU
		{A660E7C8-9AC7-41FA-A805-2DCEE2E3CB3E}.AppStore|Any CPU.ActiveCfg = Release|Any CPU
		{A660E7C8-9AC7-41FA-A805-2DCEE2E3CB3E}.AppStore|Any CPU.Build.0 = Release|Any CPU
		{A660E7C8-9AC7-41FA-A805-2DCEE2E3CB3E}.AppStore|ARM.ActiveCfg = Release|Any CPU
		{A660E7C8-9AC7-41FA-A805-2DCEE2E3CB3E}.AppStore|ARM.Build.0 = Release|Any CPU
		{A660E7C8-9AC7-41FA-A805-2DCEE2E3CB3E}.AppStore|iPhone.ActiveCfg = Release|Any CPU
		{A660E7C8-9AC7-41FA-A805-2DCEE2E3CB3E}.AppStore|iPhone.Build.0 = Release|Any CPU
		{A660E7C8-9AC7-41FA-A805-2DCEE2E3CB3E}.AppStore|iPhoneSimulator.ActiveCfg = Release|Any CPU
		{A660E7C8-9AC7-41FA-A805-2DCEE2E3CB3E}.AppStore|iPhoneSimulator.Build.0 = Release|Any CPU
		{A660E7C8-9AC7-41FA-A805-2DCEE2E3CB3E}.AppStore|x64.ActiveCfg = Release|Any CPU
		{A660E7C8-9AC7-41FA-A805-2DCEE2E3CB3E}.AppStore|x64.Build.0 = Release|Any CPU
		{A660E7C8-9AC7-41FA-A805-2DCEE2E3CB3E}.AppStore|x86.ActiveCfg = Release|Any CPU
		{A660E7C8-9AC7-41FA-A805-2DCEE2E3CB3E}.AppStore|x86.Build.0 = Release|Any CPU
		{A660E7C8-9AC7-41FA-A805-2DCEE2E3CB3E}.Debug|Any CPU.ActiveCfg = Debug|Any CPU
		{A660E7C8-9AC7-41FA-A805-2DCEE2E3CB3E}.Debug|Any CPU.Build.0 = Debug|Any CPU
		{A660E7C8-9AC7-41FA-A805-2DCEE2E3CB3E}.Debug|ARM.ActiveCfg = Debug|Any CPU
		{A660E7C8-9AC7-41FA-A805-2DCEE2E3CB3E}.Debug|ARM.Build.0 = Debug|Any CPU
		{A660E7C8-9AC7-41FA-A805-2DCEE2E3CB3E}.Debug|iPhone.ActiveCfg = Debug|Any CPU
		{A660E7C8-9AC7-41FA-A805-2DCEE2E3CB3E}.Debug|iPhone.Build.0 = Debug|Any CPU
		{A660E7C8-9AC7-41FA-A805-2DCEE2E3CB3E}.Debug|iPhoneSimulator.ActiveCfg = Debug|Any CPU
		{A660E7C8-9AC7-41FA-A805-2DCEE2E3CB3E}.Debug|iPhoneSimulator.Build.0 = Debug|Any CPU
		{A660E7C8-9AC7-41FA-A805-2DCEE2E3CB3E}.Debug|x64.ActiveCfg = Debug|Any CPU
		{A660E7C8-9AC7-41FA-A805-2DCEE2E3CB3E}.Debug|x64.Build.0 = Debug|Any CPU
		{A660E7C8-9AC7-41FA-A805-2DCEE2E3CB3E}.Debug|x86.ActiveCfg = Debug|Any CPU
		{A660E7C8-9AC7-41FA-A805-2DCEE2E3CB3E}.Debug|x86.Build.0 = Debug|Any CPU
		{A660E7C8-9AC7-41FA-A805-2DCEE2E3CB3E}.Release|Any CPU.ActiveCfg = Release|Any CPU
		{A660E7C8-9AC7-41FA-A805-2DCEE2E3CB3E}.Release|Any CPU.Build.0 = Release|Any CPU
		{A660E7C8-9AC7-41FA-A805-2DCEE2E3CB3E}.Release|ARM.ActiveCfg = Release|Any CPU
		{A660E7C8-9AC7-41FA-A805-2DCEE2E3CB3E}.Release|ARM.Build.0 = Release|Any CPU
		{A660E7C8-9AC7-41FA-A805-2DCEE2E3CB3E}.Release|iPhone.ActiveCfg = Release|Any CPU
		{A660E7C8-9AC7-41FA-A805-2DCEE2E3CB3E}.Release|iPhone.Build.0 = Release|Any CPU
		{A660E7C8-9AC7-41FA-A805-2DCEE2E3CB3E}.Release|iPhoneSimulator.ActiveCfg = Release|Any CPU
		{A660E7C8-9AC7-41FA-A805-2DCEE2E3CB3E}.Release|iPhoneSimulator.Build.0 = Release|Any CPU
		{A660E7C8-9AC7-41FA-A805-2DCEE2E3CB3E}.Release|x64.ActiveCfg = Release|Any CPU
		{A660E7C8-9AC7-41FA-A805-2DCEE2E3CB3E}.Release|x64.Build.0 = Release|Any CPU
		{A660E7C8-9AC7-41FA-A805-2DCEE2E3CB3E}.Release|x86.ActiveCfg = Release|Any CPU
		{A660E7C8-9AC7-41FA-A805-2DCEE2E3CB3E}.Release|x86.Build.0 = Release|Any CPU
		{457AE938-92A5-4AD4-B6E8-352A7D5AAC08}.Ad-Hoc|Any CPU.ActiveCfg = Release|Any CPU
		{457AE938-92A5-4AD4-B6E8-352A7D5AAC08}.Ad-Hoc|Any CPU.Build.0 = Release|Any CPU
		{457AE938-92A5-4AD4-B6E8-352A7D5AAC08}.Ad-Hoc|ARM.ActiveCfg = Release|Any CPU
		{457AE938-92A5-4AD4-B6E8-352A7D5AAC08}.Ad-Hoc|ARM.Build.0 = Release|Any CPU
		{457AE938-92A5-4AD4-B6E8-352A7D5AAC08}.Ad-Hoc|iPhone.ActiveCfg = Release|Any CPU
		{457AE938-92A5-4AD4-B6E8-352A7D5AAC08}.Ad-Hoc|iPhone.Build.0 = Release|Any CPU
		{457AE938-92A5-4AD4-B6E8-352A7D5AAC08}.Ad-Hoc|iPhoneSimulator.ActiveCfg = Release|Any CPU
		{457AE938-92A5-4AD4-B6E8-352A7D5AAC08}.Ad-Hoc|iPhoneSimulator.Build.0 = Release|Any CPU
		{457AE938-92A5-4AD4-B6E8-352A7D5AAC08}.Ad-Hoc|x64.ActiveCfg = Release|Any CPU
		{457AE938-92A5-4AD4-B6E8-352A7D5AAC08}.Ad-Hoc|x64.Build.0 = Release|Any CPU
		{457AE938-92A5-4AD4-B6E8-352A7D5AAC08}.Ad-Hoc|x86.ActiveCfg = Release|Any CPU
		{457AE938-92A5-4AD4-B6E8-352A7D5AAC08}.Ad-Hoc|x86.Build.0 = Release|Any CPU
		{457AE938-92A5-4AD4-B6E8-352A7D5AAC08}.AppStore|Any CPU.ActiveCfg = Release|Any CPU
		{457AE938-92A5-4AD4-B6E8-352A7D5AAC08}.AppStore|Any CPU.Build.0 = Release|Any CPU
		{457AE938-92A5-4AD4-B6E8-352A7D5AAC08}.AppStore|ARM.ActiveCfg = Release|Any CPU
		{457AE938-92A5-4AD4-B6E8-352A7D5AAC08}.AppStore|ARM.Build.0 = Release|Any CPU
		{457AE938-92A5-4AD4-B6E8-352A7D5AAC08}.AppStore|iPhone.ActiveCfg = Release|Any CPU
		{457AE938-92A5-4AD4-B6E8-352A7D5AAC08}.AppStore|iPhone.Build.0 = Release|Any CPU
		{457AE938-92A5-4AD4-B6E8-352A7D5AAC08}.AppStore|iPhoneSimulator.ActiveCfg = Release|Any CPU
		{457AE938-92A5-4AD4-B6E8-352A7D5AAC08}.AppStore|iPhoneSimulator.Build.0 = Release|Any CPU
		{457AE938-92A5-4AD4-B6E8-352A7D5AAC08}.AppStore|x64.ActiveCfg = Release|Any CPU
		{457AE938-92A5-4AD4-B6E8-352A7D5AAC08}.AppStore|x64.Build.0 = Release|Any CPU
		{457AE938-92A5-4AD4-B6E8-352A7D5AAC08}.AppStore|x86.ActiveCfg = Release|Any CPU
		{457AE938-92A5-4AD4-B6E8-352A7D5AAC08}.AppStore|x86.Build.0 = Release|Any CPU
		{457AE938-92A5-4AD4-B6E8-352A7D5AAC08}.Debug|Any CPU.ActiveCfg = Debug|Any CPU
		{457AE938-92A5-4AD4-B6E8-352A7D5AAC08}.Debug|Any CPU.Build.0 = Debug|Any CPU
		{457AE938-92A5-4AD4-B6E8-352A7D5AAC08}.Debug|ARM.ActiveCfg = Debug|Any CPU
		{457AE938-92A5-4AD4-B6E8-352A7D5AAC08}.Debug|ARM.Build.0 = Debug|Any CPU
		{457AE938-92A5-4AD4-B6E8-352A7D5AAC08}.Debug|iPhone.ActiveCfg = Debug|Any CPU
		{457AE938-92A5-4AD4-B6E8-352A7D5AAC08}.Debug|iPhone.Build.0 = Debug|Any CPU
		{457AE938-92A5-4AD4-B6E8-352A7D5AAC08}.Debug|iPhoneSimulator.ActiveCfg = Debug|Any CPU
		{457AE938-92A5-4AD4-B6E8-352A7D5AAC08}.Debug|iPhoneSimulator.Build.0 = Debug|Any CPU
		{457AE938-92A5-4AD4-B6E8-352A7D5AAC08}.Debug|x64.ActiveCfg = Debug|Any CPU
		{457AE938-92A5-4AD4-B6E8-352A7D5AAC08}.Debug|x64.Build.0 = Debug|Any CPU
		{457AE938-92A5-4AD4-B6E8-352A7D5AAC08}.Debug|x86.ActiveCfg = Debug|Any CPU
		{457AE938-92A5-4AD4-B6E8-352A7D5AAC08}.Debug|x86.Build.0 = Debug|Any CPU
		{457AE938-92A5-4AD4-B6E8-352A7D5AAC08}.Release|Any CPU.ActiveCfg = Release|Any CPU
		{457AE938-92A5-4AD4-B6E8-352A7D5AAC08}.Release|Any CPU.Build.0 = Release|Any CPU
		{457AE938-92A5-4AD4-B6E8-352A7D5AAC08}.Release|ARM.ActiveCfg = Release|Any CPU
		{457AE938-92A5-4AD4-B6E8-352A7D5AAC08}.Release|ARM.Build.0 = Release|Any CPU
		{457AE938-92A5-4AD4-B6E8-352A7D5AAC08}.Release|iPhone.ActiveCfg = Release|Any CPU
		{457AE938-92A5-4AD4-B6E8-352A7D5AAC08}.Release|iPhone.Build.0 = Release|Any CPU
		{457AE938-92A5-4AD4-B6E8-352A7D5AAC08}.Release|iPhoneSimulator.ActiveCfg = Release|Any CPU
		{457AE938-92A5-4AD4-B6E8-352A7D5AAC08}.Release|iPhoneSimulator.Build.0 = Release|Any CPU
		{457AE938-92A5-4AD4-B6E8-352A7D5AAC08}.Release|x64.ActiveCfg = Release|Any CPU
		{457AE938-92A5-4AD4-B6E8-352A7D5AAC08}.Release|x64.Build.0 = Release|Any CPU
		{457AE938-92A5-4AD4-B6E8-352A7D5AAC08}.Release|x86.ActiveCfg = Release|Any CPU
		{457AE938-92A5-4AD4-B6E8-352A7D5AAC08}.Release|x86.Build.0 = Release|Any CPU
		{BA890035-E09C-4605-866B-26C089F5C22C}.Ad-Hoc|Any CPU.ActiveCfg = Release|Any CPU
		{BA890035-E09C-4605-866B-26C089F5C22C}.Ad-Hoc|Any CPU.Build.0 = Release|Any CPU
		{BA890035-E09C-4605-866B-26C089F5C22C}.Ad-Hoc|ARM.ActiveCfg = Release|Any CPU
		{BA890035-E09C-4605-866B-26C089F5C22C}.Ad-Hoc|ARM.Build.0 = Release|Any CPU
		{BA890035-E09C-4605-866B-26C089F5C22C}.Ad-Hoc|iPhone.ActiveCfg = Release|Any CPU
		{BA890035-E09C-4605-866B-26C089F5C22C}.Ad-Hoc|iPhone.Build.0 = Release|Any CPU
		{BA890035-E09C-4605-866B-26C089F5C22C}.Ad-Hoc|iPhoneSimulator.ActiveCfg = Release|Any CPU
		{BA890035-E09C-4605-866B-26C089F5C22C}.Ad-Hoc|iPhoneSimulator.Build.0 = Release|Any CPU
		{BA890035-E09C-4605-866B-26C089F5C22C}.Ad-Hoc|x64.ActiveCfg = Release|Any CPU
		{BA890035-E09C-4605-866B-26C089F5C22C}.Ad-Hoc|x64.Build.0 = Release|Any CPU
		{BA890035-E09C-4605-866B-26C089F5C22C}.Ad-Hoc|x86.ActiveCfg = Release|Any CPU
		{BA890035-E09C-4605-866B-26C089F5C22C}.Ad-Hoc|x86.Build.0 = Release|Any CPU
		{BA890035-E09C-4605-866B-26C089F5C22C}.AppStore|Any CPU.ActiveCfg = Release|Any CPU
		{BA890035-E09C-4605-866B-26C089F5C22C}.AppStore|Any CPU.Build.0 = Release|Any CPU
		{BA890035-E09C-4605-866B-26C089F5C22C}.AppStore|ARM.ActiveCfg = Release|Any CPU
		{BA890035-E09C-4605-866B-26C089F5C22C}.AppStore|ARM.Build.0 = Release|Any CPU
		{BA890035-E09C-4605-866B-26C089F5C22C}.AppStore|iPhone.ActiveCfg = Release|Any CPU
		{BA890035-E09C-4605-866B-26C089F5C22C}.AppStore|iPhone.Build.0 = Release|Any CPU
		{BA890035-E09C-4605-866B-26C089F5C22C}.AppStore|iPhoneSimulator.ActiveCfg = Release|Any CPU
		{BA890035-E09C-4605-866B-26C089F5C22C}.AppStore|iPhoneSimulator.Build.0 = Release|Any CPU
		{BA890035-E09C-4605-866B-26C089F5C22C}.AppStore|x64.ActiveCfg = Release|Any CPU
		{BA890035-E09C-4605-866B-26C089F5C22C}.AppStore|x64.Build.0 = Release|Any CPU
		{BA890035-E09C-4605-866B-26C089F5C22C}.AppStore|x86.ActiveCfg = Release|Any CPU
		{BA890035-E09C-4605-866B-26C089F5C22C}.AppStore|x86.Build.0 = Release|Any CPU
		{BA890035-E09C-4605-866B-26C089F5C22C}.Debug|Any CPU.ActiveCfg = Debug|Any CPU
		{BA890035-E09C-4605-866B-26C089F5C22C}.Debug|Any CPU.Build.0 = Debug|Any CPU
		{BA890035-E09C-4605-866B-26C089F5C22C}.Debug|ARM.ActiveCfg = Debug|Any CPU
		{BA890035-E09C-4605-866B-26C089F5C22C}.Debug|ARM.Build.0 = Debug|Any CPU
		{BA890035-E09C-4605-866B-26C089F5C22C}.Debug|iPhone.ActiveCfg = Debug|Any CPU
		{BA890035-E09C-4605-866B-26C089F5C22C}.Debug|iPhone.Build.0 = Debug|Any CPU
		{BA890035-E09C-4605-866B-26C089F5C22C}.Debug|iPhoneSimulator.ActiveCfg = Debug|Any CPU
		{BA890035-E09C-4605-866B-26C089F5C22C}.Debug|iPhoneSimulator.Build.0 = Debug|Any CPU
		{BA890035-E09C-4605-866B-26C089F5C22C}.Debug|x64.ActiveCfg = Debug|Any CPU
		{BA890035-E09C-4605-866B-26C089F5C22C}.Debug|x64.Build.0 = Debug|Any CPU
		{BA890035-E09C-4605-866B-26C089F5C22C}.Debug|x86.ActiveCfg = Debug|Any CPU
		{BA890035-E09C-4605-866B-26C089F5C22C}.Debug|x86.Build.0 = Debug|Any CPU
		{BA890035-E09C-4605-866B-26C089F5C22C}.Release|Any CPU.ActiveCfg = Release|Any CPU
		{BA890035-E09C-4605-866B-26C089F5C22C}.Release|Any CPU.Build.0 = Release|Any CPU
		{BA890035-E09C-4605-866B-26C089F5C22C}.Release|ARM.ActiveCfg = Release|Any CPU
		{BA890035-E09C-4605-866B-26C089F5C22C}.Release|ARM.Build.0 = Release|Any CPU
		{BA890035-E09C-4605-866B-26C089F5C22C}.Release|iPhone.ActiveCfg = Release|Any CPU
		{BA890035-E09C-4605-866B-26C089F5C22C}.Release|iPhone.Build.0 = Release|Any CPU
		{BA890035-E09C-4605-866B-26C089F5C22C}.Release|iPhoneSimulator.ActiveCfg = Release|Any CPU
		{BA890035-E09C-4605-866B-26C089F5C22C}.Release|iPhoneSimulator.Build.0 = Release|Any CPU
		{BA890035-E09C-4605-866B-26C089F5C22C}.Release|x64.ActiveCfg = Release|Any CPU
		{BA890035-E09C-4605-866B-26C089F5C22C}.Release|x64.Build.0 = Release|Any CPU
		{BA890035-E09C-4605-866B-26C089F5C22C}.Release|x86.ActiveCfg = Release|Any CPU
		{BA890035-E09C-4605-866B-26C089F5C22C}.Release|x86.Build.0 = Release|Any CPU
		{FB0CDA2D-0DC0-414E-8A5A-F54305FC2630}.Ad-Hoc|Any CPU.ActiveCfg = Release|Any CPU
		{FB0CDA2D-0DC0-414E-8A5A-F54305FC2630}.Ad-Hoc|Any CPU.Build.0 = Release|Any CPU
		{FB0CDA2D-0DC0-414E-8A5A-F54305FC2630}.Ad-Hoc|ARM.ActiveCfg = Release|Any CPU
		{FB0CDA2D-0DC0-414E-8A5A-F54305FC2630}.Ad-Hoc|ARM.Build.0 = Release|Any CPU
		{FB0CDA2D-0DC0-414E-8A5A-F54305FC2630}.Ad-Hoc|iPhone.ActiveCfg = Release|Any CPU
		{FB0CDA2D-0DC0-414E-8A5A-F54305FC2630}.Ad-Hoc|iPhone.Build.0 = Release|Any CPU
		{FB0CDA2D-0DC0-414E-8A5A-F54305FC2630}.Ad-Hoc|iPhoneSimulator.ActiveCfg = Release|Any CPU
		{FB0CDA2D-0DC0-414E-8A5A-F54305FC2630}.Ad-Hoc|iPhoneSimulator.Build.0 = Release|Any CPU
		{FB0CDA2D-0DC0-414E-8A5A-F54305FC2630}.Ad-Hoc|x64.ActiveCfg = Release|Any CPU
		{FB0CDA2D-0DC0-414E-8A5A-F54305FC2630}.Ad-Hoc|x64.Build.0 = Release|Any CPU
		{FB0CDA2D-0DC0-414E-8A5A-F54305FC2630}.Ad-Hoc|x86.ActiveCfg = Release|Any CPU
		{FB0CDA2D-0DC0-414E-8A5A-F54305FC2630}.Ad-Hoc|x86.Build.0 = Release|Any CPU
		{FB0CDA2D-0DC0-414E-8A5A-F54305FC2630}.AppStore|Any CPU.ActiveCfg = Release|Any CPU
		{FB0CDA2D-0DC0-414E-8A5A-F54305FC2630}.AppStore|Any CPU.Build.0 = Release|Any CPU
		{FB0CDA2D-0DC0-414E-8A5A-F54305FC2630}.AppStore|ARM.ActiveCfg = Release|Any CPU
		{FB0CDA2D-0DC0-414E-8A5A-F54305FC2630}.AppStore|ARM.Build.0 = Release|Any CPU
		{FB0CDA2D-0DC0-414E-8A5A-F54305FC2630}.AppStore|iPhone.ActiveCfg = Release|Any CPU
		{FB0CDA2D-0DC0-414E-8A5A-F54305FC2630}.AppStore|iPhone.Build.0 = Release|Any CPU
		{FB0CDA2D-0DC0-414E-8A5A-F54305FC2630}.AppStore|iPhoneSimulator.ActiveCfg = Release|Any CPU
		{FB0CDA2D-0DC0-414E-8A5A-F54305FC2630}.AppStore|iPhoneSimulator.Build.0 = Release|Any CPU
		{FB0CDA2D-0DC0-414E-8A5A-F54305FC2630}.AppStore|x64.ActiveCfg = Release|Any CPU
		{FB0CDA2D-0DC0-414E-8A5A-F54305FC2630}.AppStore|x64.Build.0 = Release|Any CPU
		{FB0CDA2D-0DC0-414E-8A5A-F54305FC2630}.AppStore|x86.ActiveCfg = Release|Any CPU
		{FB0CDA2D-0DC0-414E-8A5A-F54305FC2630}.AppStore|x86.Build.0 = Release|Any CPU
		{FB0CDA2D-0DC0-414E-8A5A-F54305FC2630}.Debug|Any CPU.ActiveCfg = Debug|Any CPU
		{FB0CDA2D-0DC0-414E-8A5A-F54305FC2630}.Debug|Any CPU.Build.0 = Debug|Any CPU
		{FB0CDA2D-0DC0-414E-8A5A-F54305FC2630}.Debug|ARM.ActiveCfg = Debug|Any CPU
		{FB0CDA2D-0DC0-414E-8A5A-F54305FC2630}.Debug|ARM.Build.0 = Debug|Any CPU
		{FB0CDA2D-0DC0-414E-8A5A-F54305FC2630}.Debug|iPhone.ActiveCfg = Debug|Any CPU
		{FB0CDA2D-0DC0-414E-8A5A-F54305FC2630}.Debug|iPhone.Build.0 = Debug|Any CPU
		{FB0CDA2D-0DC0-414E-8A5A-F54305FC2630}.Debug|iPhoneSimulator.ActiveCfg = Debug|Any CPU
		{FB0CDA2D-0DC0-414E-8A5A-F54305FC2630}.Debug|iPhoneSimulator.Build.0 = Debug|Any CPU
		{FB0CDA2D-0DC0-414E-8A5A-F54305FC2630}.Debug|x64.ActiveCfg = Debug|Any CPU
		{FB0CDA2D-0DC0-414E-8A5A-F54305FC2630}.Debug|x64.Build.0 = Debug|Any CPU
		{FB0CDA2D-0DC0-414E-8A5A-F54305FC2630}.Debug|x86.ActiveCfg = Debug|Any CPU
		{FB0CDA2D-0DC0-414E-8A5A-F54305FC2630}.Debug|x86.Build.0 = Debug|Any CPU
		{FB0CDA2D-0DC0-414E-8A5A-F54305FC2630}.Release|Any CPU.ActiveCfg = Release|Any CPU
		{FB0CDA2D-0DC0-414E-8A5A-F54305FC2630}.Release|Any CPU.Build.0 = Release|Any CPU
		{FB0CDA2D-0DC0-414E-8A5A-F54305FC2630}.Release|ARM.ActiveCfg = Release|Any CPU
		{FB0CDA2D-0DC0-414E-8A5A-F54305FC2630}.Release|ARM.Build.0 = Release|Any CPU
		{FB0CDA2D-0DC0-414E-8A5A-F54305FC2630}.Release|iPhone.ActiveCfg = Release|Any CPU
		{FB0CDA2D-0DC0-414E-8A5A-F54305FC2630}.Release|iPhone.Build.0 = Release|Any CPU
		{FB0CDA2D-0DC0-414E-8A5A-F54305FC2630}.Release|iPhoneSimulator.ActiveCfg = Release|Any CPU
		{FB0CDA2D-0DC0-414E-8A5A-F54305FC2630}.Release|iPhoneSimulator.Build.0 = Release|Any CPU
		{FB0CDA2D-0DC0-414E-8A5A-F54305FC2630}.Release|x64.ActiveCfg = Release|Any CPU
		{FB0CDA2D-0DC0-414E-8A5A-F54305FC2630}.Release|x64.Build.0 = Release|Any CPU
		{FB0CDA2D-0DC0-414E-8A5A-F54305FC2630}.Release|x86.ActiveCfg = Release|Any CPU
		{FB0CDA2D-0DC0-414E-8A5A-F54305FC2630}.Release|x86.Build.0 = Release|Any CPU
		{AEB5B261-70FE-474A-BAC3-4DBA9DB036AE}.Ad-Hoc|Any CPU.ActiveCfg = Release|Any CPU
		{AEB5B261-70FE-474A-BAC3-4DBA9DB036AE}.Ad-Hoc|Any CPU.Build.0 = Release|Any CPU
		{AEB5B261-70FE-474A-BAC3-4DBA9DB036AE}.Ad-Hoc|Any CPU.Deploy.0 = Release|Any CPU
		{AEB5B261-70FE-474A-BAC3-4DBA9DB036AE}.Ad-Hoc|ARM.ActiveCfg = Release|Any CPU
		{AEB5B261-70FE-474A-BAC3-4DBA9DB036AE}.Ad-Hoc|ARM.Build.0 = Release|Any CPU
		{AEB5B261-70FE-474A-BAC3-4DBA9DB036AE}.Ad-Hoc|ARM.Deploy.0 = Release|Any CPU
		{AEB5B261-70FE-474A-BAC3-4DBA9DB036AE}.Ad-Hoc|iPhone.ActiveCfg = Release|Any CPU
		{AEB5B261-70FE-474A-BAC3-4DBA9DB036AE}.Ad-Hoc|iPhone.Build.0 = Release|Any CPU
		{AEB5B261-70FE-474A-BAC3-4DBA9DB036AE}.Ad-Hoc|iPhone.Deploy.0 = Release|Any CPU
		{AEB5B261-70FE-474A-BAC3-4DBA9DB036AE}.Ad-Hoc|iPhoneSimulator.ActiveCfg = Release|Any CPU
		{AEB5B261-70FE-474A-BAC3-4DBA9DB036AE}.Ad-Hoc|iPhoneSimulator.Build.0 = Release|Any CPU
		{AEB5B261-70FE-474A-BAC3-4DBA9DB036AE}.Ad-Hoc|iPhoneSimulator.Deploy.0 = Release|Any CPU
		{AEB5B261-70FE-474A-BAC3-4DBA9DB036AE}.Ad-Hoc|x64.ActiveCfg = Release|Any CPU
		{AEB5B261-70FE-474A-BAC3-4DBA9DB036AE}.Ad-Hoc|x64.Build.0 = Release|Any CPU
		{AEB5B261-70FE-474A-BAC3-4DBA9DB036AE}.Ad-Hoc|x64.Deploy.0 = Release|Any CPU
		{AEB5B261-70FE-474A-BAC3-4DBA9DB036AE}.Ad-Hoc|x86.ActiveCfg = Release|Any CPU
		{AEB5B261-70FE-474A-BAC3-4DBA9DB036AE}.Ad-Hoc|x86.Build.0 = Release|Any CPU
		{AEB5B261-70FE-474A-BAC3-4DBA9DB036AE}.Ad-Hoc|x86.Deploy.0 = Release|Any CPU
		{AEB5B261-70FE-474A-BAC3-4DBA9DB036AE}.AppStore|Any CPU.ActiveCfg = Release|Any CPU
		{AEB5B261-70FE-474A-BAC3-4DBA9DB036AE}.AppStore|Any CPU.Build.0 = Release|Any CPU
		{AEB5B261-70FE-474A-BAC3-4DBA9DB036AE}.AppStore|Any CPU.Deploy.0 = Release|Any CPU
		{AEB5B261-70FE-474A-BAC3-4DBA9DB036AE}.AppStore|ARM.ActiveCfg = Release|Any CPU
		{AEB5B261-70FE-474A-BAC3-4DBA9DB036AE}.AppStore|ARM.Build.0 = Release|Any CPU
		{AEB5B261-70FE-474A-BAC3-4DBA9DB036AE}.AppStore|ARM.Deploy.0 = Release|Any CPU
		{AEB5B261-70FE-474A-BAC3-4DBA9DB036AE}.AppStore|iPhone.ActiveCfg = Release|Any CPU
		{AEB5B261-70FE-474A-BAC3-4DBA9DB036AE}.AppStore|iPhone.Build.0 = Release|Any CPU
		{AEB5B261-70FE-474A-BAC3-4DBA9DB036AE}.AppStore|iPhone.Deploy.0 = Release|Any CPU
		{AEB5B261-70FE-474A-BAC3-4DBA9DB036AE}.AppStore|iPhoneSimulator.ActiveCfg = Release|Any CPU
		{AEB5B261-70FE-474A-BAC3-4DBA9DB036AE}.AppStore|iPhoneSimulator.Build.0 = Release|Any CPU
		{AEB5B261-70FE-474A-BAC3-4DBA9DB036AE}.AppStore|iPhoneSimulator.Deploy.0 = Release|Any CPU
		{AEB5B261-70FE-474A-BAC3-4DBA9DB036AE}.AppStore|x64.ActiveCfg = Release|Any CPU
		{AEB5B261-70FE-474A-BAC3-4DBA9DB036AE}.AppStore|x64.Build.0 = Release|Any CPU
		{AEB5B261-70FE-474A-BAC3-4DBA9DB036AE}.AppStore|x64.Deploy.0 = Release|Any CPU
		{AEB5B261-70FE-474A-BAC3-4DBA9DB036AE}.AppStore|x86.ActiveCfg = Release|Any CPU
		{AEB5B261-70FE-474A-BAC3-4DBA9DB036AE}.AppStore|x86.Build.0 = Release|Any CPU
		{AEB5B261-70FE-474A-BAC3-4DBA9DB036AE}.AppStore|x86.Deploy.0 = Release|Any CPU
		{AEB5B261-70FE-474A-BAC3-4DBA9DB036AE}.Debug|Any CPU.ActiveCfg = Debug|Any CPU
		{AEB5B261-70FE-474A-BAC3-4DBA9DB036AE}.Debug|Any CPU.Build.0 = Debug|Any CPU
		{AEB5B261-70FE-474A-BAC3-4DBA9DB036AE}.Debug|Any CPU.Deploy.0 = Debug|Any CPU
		{AEB5B261-70FE-474A-BAC3-4DBA9DB036AE}.Debug|ARM.ActiveCfg = Debug|Any CPU
		{AEB5B261-70FE-474A-BAC3-4DBA9DB036AE}.Debug|ARM.Build.0 = Debug|Any CPU
		{AEB5B261-70FE-474A-BAC3-4DBA9DB036AE}.Debug|ARM.Deploy.0 = Debug|Any CPU
		{AEB5B261-70FE-474A-BAC3-4DBA9DB036AE}.Debug|iPhone.ActiveCfg = Debug|Any CPU
		{AEB5B261-70FE-474A-BAC3-4DBA9DB036AE}.Debug|iPhone.Build.0 = Debug|Any CPU
		{AEB5B261-70FE-474A-BAC3-4DBA9DB036AE}.Debug|iPhone.Deploy.0 = Debug|Any CPU
		{AEB5B261-70FE-474A-BAC3-4DBA9DB036AE}.Debug|iPhoneSimulator.ActiveCfg = Debug|Any CPU
		{AEB5B261-70FE-474A-BAC3-4DBA9DB036AE}.Debug|iPhoneSimulator.Build.0 = Debug|Any CPU
		{AEB5B261-70FE-474A-BAC3-4DBA9DB036AE}.Debug|iPhoneSimulator.Deploy.0 = Debug|Any CPU
		{AEB5B261-70FE-474A-BAC3-4DBA9DB036AE}.Debug|x64.ActiveCfg = Debug|Any CPU
		{AEB5B261-70FE-474A-BAC3-4DBA9DB036AE}.Debug|x64.Build.0 = Debug|Any CPU
		{AEB5B261-70FE-474A-BAC3-4DBA9DB036AE}.Debug|x64.Deploy.0 = Debug|Any CPU
		{AEB5B261-70FE-474A-BAC3-4DBA9DB036AE}.Debug|x86.ActiveCfg = Debug|Any CPU
		{AEB5B261-70FE-474A-BAC3-4DBA9DB036AE}.Debug|x86.Build.0 = Debug|Any CPU
		{AEB5B261-70FE-474A-BAC3-4DBA9DB036AE}.Debug|x86.Deploy.0 = Debug|Any CPU
		{AEB5B261-70FE-474A-BAC3-4DBA9DB036AE}.Release|Any CPU.ActiveCfg = Release|Any CPU
		{AEB5B261-70FE-474A-BAC3-4DBA9DB036AE}.Release|Any CPU.Build.0 = Release|Any CPU
		{AEB5B261-70FE-474A-BAC3-4DBA9DB036AE}.Release|Any CPU.Deploy.0 = Release|Any CPU
		{AEB5B261-70FE-474A-BAC3-4DBA9DB036AE}.Release|ARM.ActiveCfg = Release|Any CPU
		{AEB5B261-70FE-474A-BAC3-4DBA9DB036AE}.Release|ARM.Build.0 = Release|Any CPU
		{AEB5B261-70FE-474A-BAC3-4DBA9DB036AE}.Release|ARM.Deploy.0 = Release|Any CPU
		{AEB5B261-70FE-474A-BAC3-4DBA9DB036AE}.Release|iPhone.ActiveCfg = Release|Any CPU
		{AEB5B261-70FE-474A-BAC3-4DBA9DB036AE}.Release|iPhone.Build.0 = Release|Any CPU
		{AEB5B261-70FE-474A-BAC3-4DBA9DB036AE}.Release|iPhone.Deploy.0 = Release|Any CPU
		{AEB5B261-70FE-474A-BAC3-4DBA9DB036AE}.Release|iPhoneSimulator.ActiveCfg = Release|Any CPU
		{AEB5B261-70FE-474A-BAC3-4DBA9DB036AE}.Release|iPhoneSimulator.Build.0 = Release|Any CPU
		{AEB5B261-70FE-474A-BAC3-4DBA9DB036AE}.Release|iPhoneSimulator.Deploy.0 = Release|Any CPU
		{AEB5B261-70FE-474A-BAC3-4DBA9DB036AE}.Release|x64.ActiveCfg = Release|Any CPU
		{AEB5B261-70FE-474A-BAC3-4DBA9DB036AE}.Release|x64.Build.0 = Release|Any CPU
		{AEB5B261-70FE-474A-BAC3-4DBA9DB036AE}.Release|x64.Deploy.0 = Release|Any CPU
		{AEB5B261-70FE-474A-BAC3-4DBA9DB036AE}.Release|x86.ActiveCfg = Release|Any CPU
		{AEB5B261-70FE-474A-BAC3-4DBA9DB036AE}.Release|x86.Build.0 = Release|Any CPU
		{AEB5B261-70FE-474A-BAC3-4DBA9DB036AE}.Release|x86.Deploy.0 = Release|Any CPU
		{6576889F-E5E4-42AC-BCC3-62E9E88DA8BE}.Ad-Hoc|Any CPU.ActiveCfg = Ad-Hoc|iPhone
		{6576889F-E5E4-42AC-BCC3-62E9E88DA8BE}.Ad-Hoc|ARM.ActiveCfg = Ad-Hoc|iPhone
		{6576889F-E5E4-42AC-BCC3-62E9E88DA8BE}.Ad-Hoc|iPhone.ActiveCfg = Ad-Hoc|iPhone
		{6576889F-E5E4-42AC-BCC3-62E9E88DA8BE}.Ad-Hoc|iPhone.Build.0 = Ad-Hoc|iPhone
		{6576889F-E5E4-42AC-BCC3-62E9E88DA8BE}.Ad-Hoc|iPhoneSimulator.ActiveCfg = Ad-Hoc|iPhoneSimulator
		{6576889F-E5E4-42AC-BCC3-62E9E88DA8BE}.Ad-Hoc|iPhoneSimulator.Build.0 = Ad-Hoc|iPhoneSimulator
		{6576889F-E5E4-42AC-BCC3-62E9E88DA8BE}.Ad-Hoc|x64.ActiveCfg = Ad-Hoc|iPhone
		{6576889F-E5E4-42AC-BCC3-62E9E88DA8BE}.Ad-Hoc|x86.ActiveCfg = Ad-Hoc|iPhone
		{6576889F-E5E4-42AC-BCC3-62E9E88DA8BE}.AppStore|Any CPU.ActiveCfg = AppStore|iPhone
		{6576889F-E5E4-42AC-BCC3-62E9E88DA8BE}.AppStore|ARM.ActiveCfg = AppStore|iPhone
		{6576889F-E5E4-42AC-BCC3-62E9E88DA8BE}.AppStore|iPhone.ActiveCfg = AppStore|iPhone
		{6576889F-E5E4-42AC-BCC3-62E9E88DA8BE}.AppStore|iPhone.Build.0 = AppStore|iPhone
		{6576889F-E5E4-42AC-BCC3-62E9E88DA8BE}.AppStore|iPhoneSimulator.ActiveCfg = AppStore|iPhoneSimulator
		{6576889F-E5E4-42AC-BCC3-62E9E88DA8BE}.AppStore|iPhoneSimulator.Build.0 = AppStore|iPhoneSimulator
		{6576889F-E5E4-42AC-BCC3-62E9E88DA8BE}.AppStore|x64.ActiveCfg = AppStore|iPhone
		{6576889F-E5E4-42AC-BCC3-62E9E88DA8BE}.AppStore|x86.ActiveCfg = AppStore|iPhone
		{6576889F-E5E4-42AC-BCC3-62E9E88DA8BE}.Debug|Any CPU.ActiveCfg = Debug|iPhone
		{6576889F-E5E4-42AC-BCC3-62E9E88DA8BE}.Debug|ARM.ActiveCfg = Debug|iPhone
		{6576889F-E5E4-42AC-BCC3-62E9E88DA8BE}.Debug|iPhone.ActiveCfg = Debug|iPhone
		{6576889F-E5E4-42AC-BCC3-62E9E88DA8BE}.Debug|iPhone.Build.0 = Debug|iPhone
		{6576889F-E5E4-42AC-BCC3-62E9E88DA8BE}.Debug|iPhoneSimulator.ActiveCfg = Debug|iPhoneSimulator
		{6576889F-E5E4-42AC-BCC3-62E9E88DA8BE}.Debug|iPhoneSimulator.Build.0 = Debug|iPhoneSimulator
		{6576889F-E5E4-42AC-BCC3-62E9E88DA8BE}.Debug|x64.ActiveCfg = Debug|iPhone
		{6576889F-E5E4-42AC-BCC3-62E9E88DA8BE}.Debug|x86.ActiveCfg = Debug|iPhone
		{6576889F-E5E4-42AC-BCC3-62E9E88DA8BE}.Release|Any CPU.ActiveCfg = Release|iPhone
		{6576889F-E5E4-42AC-BCC3-62E9E88DA8BE}.Release|ARM.ActiveCfg = Release|iPhone
		{6576889F-E5E4-42AC-BCC3-62E9E88DA8BE}.Release|iPhone.ActiveCfg = Release|iPhone
		{6576889F-E5E4-42AC-BCC3-62E9E88DA8BE}.Release|iPhone.Build.0 = Release|iPhone
		{6576889F-E5E4-42AC-BCC3-62E9E88DA8BE}.Release|iPhoneSimulator.ActiveCfg = Release|iPhoneSimulator
		{6576889F-E5E4-42AC-BCC3-62E9E88DA8BE}.Release|iPhoneSimulator.Build.0 = Release|iPhoneSimulator
		{6576889F-E5E4-42AC-BCC3-62E9E88DA8BE}.Release|x64.ActiveCfg = Release|iPhone
		{6576889F-E5E4-42AC-BCC3-62E9E88DA8BE}.Release|x86.ActiveCfg = Release|iPhone
	EndGlobalSection
	GlobalSection(SolutionProperties) = preSolution
		HideSolutionNode = FALSE
	EndGlobalSection
EndGlobal
